
Microsoft Visual Studio Solution File, Format Version 12.00
# Visual Studio Version 17
VisualStudioVersion = 17.3.32922.545
MinimumVisualStudioVersion = 10.0.40219.1
Project("{9A19103F-16F7-4668-BE54-9A1E7A4F7556}") = "ABC.TODOAPP.ENTITIES", "ABC.TODOAPP.ENTITIES\ABC.TODOAPP.ENTITIES.csproj", "{8DE5B4AE-123B-43C0-891E-4D6F4BC63BDB}"
EndProject
Project("{9A19103F-16F7-4668-BE54-9A1E7A4F7556}") = "ABC.TODOAPP.DATAACCESS", "ABC.TODOAPP.DATAACCESS\ABC.TODOAPP.DATAACCESS.csproj", "{53F8A9BC-56C4-49D8-9C76-2121AC43166C}"
EndProject
Project("{9A19103F-16F7-4668-BE54-9A1E7A4F7556}") = "ABC.TODOAPP.BUSİNESS", "ABC.TODOAPP.BUSİNESS\ABC.TODOAPP.BUSİNESS.csproj", "{DB4B2B6F-7117-41C9-A4E7-BD2B8352C560}"
EndProject
Project("{9A19103F-16F7-4668-BE54-9A1E7A4F7556}") = "ABC.TODOAPP.DTOs", "ABC.TODOAPP.DTOs\ABC.TODOAPP.DTOs.csproj", "{07CF24F3-ACB8-455F-A7BA-34562C3429C7}"
EndProject
Project("{9A19103F-16F7-4668-BE54-9A1E7A4F7556}") = "ABC.TODOAPP.PL", "ABC.TODOAPP.PL\ABC.TODOAPP.PL.csproj", "{BAC63A4C-8C80-46D5-A1B6-892D01165CC1}"
EndProject
Project("{FAE04EC0-301F-11D3-BF4B-00C04F79EFBC}") = "ABC.TODOAPP.COMMON", "ABC.TODOAPP.COMMON\ABC.TODOAPP.COMMON.csproj", "{609F79EB-7763-4D6C-AF0D-07A9D2A08D7A}"
EndProject
Global
	GlobalSection(SolutionConfigurationPlatforms) = preSolution
		Debug|Any CPU = Debug|Any CPU
		Release|Any CPU = Release|Any CPU
	EndGlobalSection
	GlobalSection(ProjectConfigurationPlatforms) = postSolution
		{8DE5B4AE-123B-43C0-891E-4D6F4BC63BDB}.Debug|Any CPU.ActiveCfg = Debug|Any CPU
		{8DE5B4AE-123B-43C0-891E-4D6F4BC63BDB}.Debug|Any CPU.Build.0 = Debug|Any CPU
		{8DE5B4AE-123B-43C0-891E-4D6F4BC63BDB}.Release|Any CPU.ActiveCfg = Release|Any CPU
		{8DE5B4AE-123B-43C0-891E-4D6F4BC63BDB}.Release|Any CPU.Build.0 = Release|Any CPU
		{53F8A9BC-56C4-49D8-9C76-2121AC43166C}.Debug|Any CPU.ActiveCfg = Debug|Any CPU
		{53F8A9BC-56C4-49D8-9C76-2121AC43166C}.Debug|Any CPU.Build.0 = Debug|Any CPU
		{53F8A9BC-56C4-49D8-9C76-2121AC43166C}.Release|Any CPU.ActiveCfg = Release|Any CPU
		{53F8A9BC-56C4-49D8-9C76-2121AC43166C}.Release|Any CPU.Build.0 = Release|Any CPU
		{DB4B2B6F-7117-41C9-A4E7-BD2B8352C560}.Debug|Any CPU.ActiveCfg = Debug|Any CPU
		{DB4B2B6F-7117-41C9-A4E7-BD2B8352C560}.Debug|Any CPU.Build.0 = Debug|Any CPU
		{DB4B2B6F-7117-41C9-A4E7-BD2B8352C560}.Release|Any CPU.ActiveCfg = Release|Any CPU
		{DB4B2B6F-7117-41C9-A4E7-BD2B8352C560}.Release|Any CPU.Build.0 = Release|Any CPU
		{07CF24F3-ACB8-455F-A7BA-34562C3429C7}.Debug|Any CPU.ActiveCfg = Debug|Any CPU
		{07CF24F3-ACB8-455F-A7BA-34562C3429C7}.Debug|Any CPU.Build.0 = Debug|Any CPU
		{07CF24F3-ACB8-455F-A7BA-34562C3429C7}.Release|Any CPU.ActiveCfg = Release|Any CPU
		{07CF24F3-ACB8-455F-A7BA-34562C3429C7}.Release|Any CPU.Build.0 = Release|Any CPU
		{BAC63A4C-8C80-46D5-A1B6-892D01165CC1}.Debug|Any CPU.ActiveCfg = Debug|Any CPU
		{BAC63A4C-8C80-46D5-A1B6-892D01165CC1}.Debug|Any CPU.Build.0 = Debug|Any CPU
		{BAC63A4C-8C80-46D5-A1B6-892D01165CC1}.Release|Any CPU.ActiveCfg = Release|Any CPU
		{BAC63A4C-8C80-46D5-A1B6-892D01165CC1}.Release|Any CPU.Build.0 = Release|Any CPU
		{609F79EB-7763-4D6C-AF0D-07A9D2A08D7A}.Debug|Any CPU.ActiveCfg = Debug|Any CPU
		{609F79EB-7763-4D6C-AF0D-07A9D2A08D7A}.Debug|Any CPU.Build.0 = Debug|Any CPU
		{609F79EB-7763-4D6C-AF0D-07A9D2A08D7A}.Release|Any CPU.ActiveCfg = Release|Any CPU
		{609F79EB-7763-4D6C-AF0D-07A9D2A08D7A}.Release|Any CPU.Build.0 = Release|Any CPU
	EndGlobalSection
	GlobalSection(SolutionProperties) = preSolution
		HideSolutionNode = FALSE
	EndGlobalSection
	GlobalSection(ExtensibilityGlobals) = postSolution
		SolutionGuid = {3016E0C2-B94F-49D3-B609-A4BC82CC819F}
	EndGlobalSection
EndGlobal
